
Microsoft Visual Studio Solution File, Format Version 12.00
# Visual Studio Version 17
VisualStudioVersion = 17.5.002.0
MinimumVisualStudioVersion = 10.0.40219.1
Project("{9A19103F-16F7-4668-BE54-9A1E7A4F7556}") = "AppConHilos2", "AppConHilos2.csproj", "{F07CD5B3-7035-45F8-96B3-894F4437D9BC}"
EndProject
Global
	GlobalSection(SolutionConfigurationPlatforms) = preSolution
		Debug|Any CPU = Debug|Any CPU
		Release|Any CPU = Release|Any CPU
	EndGlobalSection
	GlobalSection(ProjectConfigurationPlatforms) = postSolution
		{F07CD5B3-7035-45F8-96B3-894F4437D9BC}.Debug|Any CPU.ActiveCfg = Debug|Any CPU
		{F07CD5B3-7035-45F8-96B3-894F4437D9BC}.Debug|Any CPU.Build.0 = Debug|Any CPU
		{F07CD5B3-7035-45F8-96B3-894F4437D9BC}.Release|Any CPU.ActiveCfg = Release|Any CPU
		{F07CD5B3-7035-45F8-96B3-894F4437D9BC}.Release|Any CPU.Build.0 = Release|Any CPU
	EndGlobalSection
	GlobalSection(SolutionProperties) = preSolution
		HideSolutionNode = FALSE
	EndGlobalSection
	GlobalSection(ExtensibilityGlobals) = postSolution
		SolutionGuid = {29BCE52C-800A-4D66-A04B-CFA6E155FB64}
	EndGlobalSection
EndGlobal
